
Microsoft Visual Studio Solution File, Format Version 12.00
# Visual Studio Version 17
VisualStudioVersion = 17.2.32616.157
MinimumVisualStudioVersion = 10.0.40219.1
Project("{FAE04EC0-301F-11D3-BF4B-00C04F79EFBC}") = "Lab5App1", "Lab5App1\Lab5App1.csproj", "{4F2D7FFB-AEDA-48E6-B9A0-59A87413F03E}"
EndProject
Global
	GlobalSection(SolutionConfigurationPlatforms) = preSolution
		Debug|Any CPU = Debug|Any CPU
		Release|Any CPU = Release|Any CPU
	EndGlobalSection
	GlobalSection(ProjectConfigurationPlatforms) = postSolution
		{4F2D7FFB-AEDA-48E6-B9A0-59A87413F03E}.Debug|Any CPU.ActiveCfg = Debug|Any CPU
		{4F2D7FFB-AEDA-48E6-B9A0-59A87413F03E}.Debug|Any CPU.Build.0 = Debug|Any CPU
		{4F2D7FFB-AEDA-48E6-B9A0-59A87413F03E}.Release|Any CPU.ActiveCfg = Release|Any CPU
		{4F2D7FFB-AEDA-48E6-B9A0-59A87413F03E}.Release|Any CPU.Build.0 = Release|Any CPU
	EndGlobalSection
	GlobalSection(SolutionProperties) = preSolution
		HideSolutionNode = FALSE
	EndGlobalSection
	GlobalSection(ExtensibilityGlobals) = postSolution
		SolutionGuid = {DB5EA6EE-0674-4C7B-8A3C-C37DB82392CB}
	EndGlobalSection
EndGlobal
